
Microsoft Visual Studio Solution File, Format Version 12.00
# Visual Studio 15
VisualStudioVersion = 15.0.28307.136
MinimumVisualStudioVersion = 10.0.40219.1
Project("{9A19103F-16F7-4668-BE54-9A1E7A4F7556}") = "TemplateName.Core", "src\TemplateName.Core\TemplateName.Core.csproj", "{4815D246-BCFE-47D1-A5D7-E6F65BC07C07}"
EndProject
Project("{9A19103F-16F7-4668-BE54-9A1E7A4F7556}") = "TemplateName.Data", "src\TemplateName.Data\TemplateName.Data.csproj", "{4E14299F-3160-4713-8EA2-4DA95B43668F}"
EndProject
Project("{9A19103F-16F7-4668-BE54-9A1E7A4F7556}") = "TemplateName.WebApi", "src\TemplateName.WebApi\TemplateName.WebApi.csproj", "{7C4E65F9-E77D-4301-9533-C64AED32B991}"
EndProject
Project("{9A19103F-16F7-4668-BE54-9A1E7A4F7556}") = "TemplateName.WebHost", "src\TemplateName.WebHost\TemplateName.WebHost.csproj", "{EA8B5BDC-301F-4CF9-A9D2-C8EB6627AAA1}"
EndProject
Project("{2150E333-8FDC-42A3-9474-1A3956D46DE8}") = "src", "src", "{786B05BE-2FC8-4D8B-B51F-CC251201B4E8}"
EndProject
Project("{2150E333-8FDC-42A3-9474-1A3956D46DE8}") = "test", "test", "{C5279B5A-163E-4C7D-BCC2-128DD0D0CCDF}"
EndProject
Project("{9A19103F-16F7-4668-BE54-9A1E7A4F7556}") = "TemplateName.Test", "test\TemplateName.Test\TemplateName.Test.csproj", "{7E7A04AF-1F72-45A5-B392-E0D62830DFF7}"
EndProject
Global
	GlobalSection(SolutionConfigurationPlatforms) = preSolution
		Debug|Any CPU = Debug|Any CPU
		Release|Any CPU = Release|Any CPU
	EndGlobalSection
	GlobalSection(ProjectConfigurationPlatforms) = postSolution
		{4815D246-BCFE-47D1-A5D7-E6F65BC07C07}.Debug|Any CPU.ActiveCfg = Debug|Any CPU
		{4815D246-BCFE-47D1-A5D7-E6F65BC07C07}.Debug|Any CPU.Build.0 = Debug|Any CPU
		{4815D246-BCFE-47D1-A5D7-E6F65BC07C07}.Release|Any CPU.ActiveCfg = Release|Any CPU
		{4815D246-BCFE-47D1-A5D7-E6F65BC07C07}.Release|Any CPU.Build.0 = Release|Any CPU
		{4E14299F-3160-4713-8EA2-4DA95B43668F}.Debug|Any CPU.ActiveCfg = Debug|Any CPU
		{4E14299F-3160-4713-8EA2-4DA95B43668F}.Debug|Any CPU.Build.0 = Debug|Any CPU
		{4E14299F-3160-4713-8EA2-4DA95B43668F}.Release|Any CPU.ActiveCfg = Release|Any CPU
		{4E14299F-3160-4713-8EA2-4DA95B43668F}.Release|Any CPU.Build.0 = Release|Any CPU
		{7C4E65F9-E77D-4301-9533-C64AED32B991}.Debug|Any CPU.ActiveCfg = Debug|Any CPU
		{7C4E65F9-E77D-4301-9533-C64AED32B991}.Debug|Any CPU.Build.0 = Debug|Any CPU
		{7C4E65F9-E77D-4301-9533-C64AED32B991}.Release|Any CPU.ActiveCfg = Release|Any CPU
		{7C4E65F9-E77D-4301-9533-C64AED32B991}.Release|Any CPU.Build.0 = Release|Any CPU
		{EA8B5BDC-301F-4CF9-A9D2-C8EB6627AAA1}.Debug|Any CPU.ActiveCfg = Debug|Any CPU
		{EA8B5BDC-301F-4CF9-A9D2-C8EB6627AAA1}.Debug|Any CPU.Build.0 = Debug|Any CPU
		{EA8B5BDC-301F-4CF9-A9D2-C8EB6627AAA1}.Release|Any CPU.ActiveCfg = Release|Any CPU
		{EA8B5BDC-301F-4CF9-A9D2-C8EB6627AAA1}.Release|Any CPU.Build.0 = Release|Any CPU
		{7E7A04AF-1F72-45A5-B392-E0D62830DFF7}.Debug|Any CPU.ActiveCfg = Debug|Any CPU
		{7E7A04AF-1F72-45A5-B392-E0D62830DFF7}.Debug|Any CPU.Build.0 = Debug|Any CPU
		{7E7A04AF-1F72-45A5-B392-E0D62830DFF7}.Release|Any CPU.ActiveCfg = Release|Any CPU
		{7E7A04AF-1F72-45A5-B392-E0D62830DFF7}.Release|Any CPU.Build.0 = Release|Any CPU
	EndGlobalSection
	GlobalSection(SolutionProperties) = preSolution
		HideSolutionNode = FALSE
	EndGlobalSection
	GlobalSection(NestedProjects) = preSolution
		{4815D246-BCFE-47D1-A5D7-E6F65BC07C07} = {786B05BE-2FC8-4D8B-B51F-CC251201B4E8}
		{4E14299F-3160-4713-8EA2-4DA95B43668F} = {786B05BE-2FC8-4D8B-B51F-CC251201B4E8}
		{7C4E65F9-E77D-4301-9533-C64AED32B991} = {786B05BE-2FC8-4D8B-B51F-CC251201B4E8}
		{EA8B5BDC-301F-4CF9-A9D2-C8EB6627AAA1} = {786B05BE-2FC8-4D8B-B51F-CC251201B4E8}
		{7E7A04AF-1F72-45A5-B392-E0D62830DFF7} = {C5279B5A-163E-4C7D-BCC2-128DD0D0CCDF}
	EndGlobalSection
	GlobalSection(ExtensibilityGlobals) = postSolution
		SolutionGuid = {35C9F538-1630-491E-855D-B735A14C87C1}
	EndGlobalSection
EndGlobal
