
Microsoft Visual Studio Solution File, Format Version 12.00
# Visual Studio 15
VisualStudioVersion = 15.0.28307.136
MinimumVisualStudioVersion = 10.0.40219.1
Project("{9A19103F-16F7-4668-BE54-9A1E7A4F7556}") = "TemplateName.Core", "TemplateName.Core\TemplateName.Core.csproj", "{4815D246-BCFE-47D1-A5D7-E6F65BC07C07}"
EndProject
Project("{9A19103F-16F7-4668-BE54-9A1E7A4F7556}") = "TemplateName.Data", "TemplateName.Data\TemplateName.Data.csproj", "{4E14299F-3160-4713-8EA2-4DA95B43668F}"
EndProject
Project("{9A19103F-16F7-4668-BE54-9A1E7A4F7556}") = "TemplateName.WebApi", "TemplateName.WebApi\TemplateName.WebApi.csproj", "{7C4E65F9-E77D-4301-9533-C64AED32B991}"
EndProject
Project("{9A19103F-16F7-4668-BE54-9A1E7A4F7556}") = "TemplateName.WebHost", "TemplateName.WebHost\TemplateName.WebHost.csproj", "{EA8B5BDC-301F-4CF9-A9D2-C8EB6627AAA1}"
EndProject
Global
	GlobalSection(SolutionConfigurationPlatforms) = preSolution
		Debug|Any CPU = Debug|Any CPU
		Release|Any CPU = Release|Any CPU
	EndGlobalSection
	GlobalSection(ProjectConfigurationPlatforms) = postSolution
		{4815D246-BCFE-47D1-A5D7-E6F65BC07C07}.Debug|Any CPU.ActiveCfg = Debug|Any CPU
		{4815D246-BCFE-47D1-A5D7-E6F65BC07C07}.Debug|Any CPU.Build.0 = Debug|Any CPU
		{4815D246-BCFE-47D1-A5D7-E6F65BC07C07}.Release|Any CPU.ActiveCfg = Release|Any CPU
		{4815D246-BCFE-47D1-A5D7-E6F65BC07C07}.Release|Any CPU.Build.0 = Release|Any CPU
		{4E14299F-3160-4713-8EA2-4DA95B43668F}.Debug|Any CPU.ActiveCfg = Debug|Any CPU
		{4E14299F-3160-4713-8EA2-4DA95B43668F}.Debug|Any CPU.Build.0 = Debug|Any CPU
		{4E14299F-3160-4713-8EA2-4DA95B43668F}.Release|Any CPU.ActiveCfg = Release|Any CPU
		{4E14299F-3160-4713-8EA2-4DA95B43668F}.Release|Any CPU.Build.0 = Release|Any CPU
		{7C4E65F9-E77D-4301-9533-C64AED32B991}.Debug|Any CPU.ActiveCfg = Debug|Any CPU
		{7C4E65F9-E77D-4301-9533-C64AED32B991}.Debug|Any CPU.Build.0 = Debug|Any CPU
		{7C4E65F9-E77D-4301-9533-C64AED32B991}.Release|Any CPU.ActiveCfg = Release|Any CPU
		{7C4E65F9-E77D-4301-9533-C64AED32B991}.Release|Any CPU.Build.0 = Release|Any CPU
		{EA8B5BDC-301F-4CF9-A9D2-C8EB6627AAA1}.Debug|Any CPU.ActiveCfg = Debug|Any CPU
		{EA8B5BDC-301F-4CF9-A9D2-C8EB6627AAA1}.Debug|Any CPU.Build.0 = Debug|Any CPU
		{EA8B5BDC-301F-4CF9-A9D2-C8EB6627AAA1}.Release|Any CPU.ActiveCfg = Release|Any CPU
		{EA8B5BDC-301F-4CF9-A9D2-C8EB6627AAA1}.Release|Any CPU.Build.0 = Release|Any CPU
	EndGlobalSection
	GlobalSection(SolutionProperties) = preSolution
		HideSolutionNode = FALSE
	EndGlobalSection
	GlobalSection(ExtensibilityGlobals) = postSolution
		SolutionGuid = {35C9F538-1630-491E-855D-B735A14C87C1}
	EndGlobalSection
EndGlobal
